
Microsoft Visual Studio Solution File, Format Version 12.00
# Visual Studio Version 16
VisualStudioVersion = 16.0.29613.14
MinimumVisualStudioVersion = 10.0.40219.1
Project("{FAE04EC0-301F-11D3-BF4B-00C04F79EFBC}") = "HelloWorldWinFormApp", "HelloWorldWinFormApp\HelloWorldWinFormApp.csproj", "{63C6E3D0-E377-4970-BFF8-E7FEF2928375}"
EndProject
Project("{FAE04EC0-301F-11D3-BF4B-00C04F79EFBC}") = "PurchaseTicketWinFormsApp", "PurchaseTicketWinFormsApp\PurchaseTicketWinFormsApp.csproj", "{415FA49C-EAE8-4732-B8AE-3E9D127F6338}"
EndProject
Project("{FAE04EC0-301F-11D3-BF4B-00C04F79EFBC}") = "PersonalInformationWinFormApp", "PersonalInformationWinFormApp\PersonalInformationWinFormApp.csproj", "{B5EEA413-23DE-4D9B-9151-9B17618EBA4C}"
EndProject
Project("{FAE04EC0-301F-11D3-BF4B-00C04F79EFBC}") = "UnderstandingConversionWinFormApp", "UnderstandingConversionWinFormApp\UnderstandingConversionWinFormApp.csproj", "{2C675346-5B00-450F-8B07-1A1251AA5317}"
EndProject
Project("{FAE04EC0-301F-11D3-BF4B-00C04F79EFBC}") = "UnderstandingConditionalStatementWinFormApp", "UnderstandingConditionalStatementWinFormApp\UnderstandingConditionalStatementWinFormApp.csproj", "{90AFC677-1064-4F38-9296-0DA7CF1560DC}"
EndProject
Project("{FAE04EC0-301F-11D3-BF4B-00C04F79EFBC}") = "CalculatorWindowsFormsApp", "CalculatorWindowsFormsApp\CalculatorWindowsFormsApp.csproj", "{A7F2EFBF-4737-47D9-AE85-62EB0BE4D03E}"
EndProject
Project("{FAE04EC0-301F-11D3-BF4B-00C04F79EFBC}") = "CoffeeShopWinFormsApp", "CoffeeShopWinFormsApp\CoffeeShopWinFormsApp.csproj", "{B434E1B7-A34B-42B3-A82A-3AB15D7A47AC}"
EndProject
Global
	GlobalSection(SolutionConfigurationPlatforms) = preSolution
		Debug|Any CPU = Debug|Any CPU
		Release|Any CPU = Release|Any CPU
	EndGlobalSection
	GlobalSection(ProjectConfigurationPlatforms) = postSolution
		{63C6E3D0-E377-4970-BFF8-E7FEF2928375}.Debug|Any CPU.ActiveCfg = Debug|Any CPU
		{63C6E3D0-E377-4970-BFF8-E7FEF2928375}.Debug|Any CPU.Build.0 = Debug|Any CPU
		{63C6E3D0-E377-4970-BFF8-E7FEF2928375}.Release|Any CPU.ActiveCfg = Release|Any CPU
		{63C6E3D0-E377-4970-BFF8-E7FEF2928375}.Release|Any CPU.Build.0 = Release|Any CPU
		{415FA49C-EAE8-4732-B8AE-3E9D127F6338}.Debug|Any CPU.ActiveCfg = Debug|Any CPU
		{415FA49C-EAE8-4732-B8AE-3E9D127F6338}.Debug|Any CPU.Build.0 = Debug|Any CPU
		{415FA49C-EAE8-4732-B8AE-3E9D127F6338}.Release|Any CPU.ActiveCfg = Release|Any CPU
		{415FA49C-EAE8-4732-B8AE-3E9D127F6338}.Release|Any CPU.Build.0 = Release|Any CPU
		{B5EEA413-23DE-4D9B-9151-9B17618EBA4C}.Debug|Any CPU.ActiveCfg = Debug|Any CPU
		{B5EEA413-23DE-4D9B-9151-9B17618EBA4C}.Debug|Any CPU.Build.0 = Debug|Any CPU
		{B5EEA413-23DE-4D9B-9151-9B17618EBA4C}.Release|Any CPU.ActiveCfg = Release|Any CPU
		{B5EEA413-23DE-4D9B-9151-9B17618EBA4C}.Release|Any CPU.Build.0 = Release|Any CPU
		{2C675346-5B00-450F-8B07-1A1251AA5317}.Debug|Any CPU.ActiveCfg = Debug|Any CPU
		{2C675346-5B00-450F-8B07-1A1251AA5317}.Debug|Any CPU.Build.0 = Debug|Any CPU
		{2C675346-5B00-450F-8B07-1A1251AA5317}.Release|Any CPU.ActiveCfg = Release|Any CPU
		{2C675346-5B00-450F-8B07-1A1251AA5317}.Release|Any CPU.Build.0 = Release|Any CPU
		{90AFC677-1064-4F38-9296-0DA7CF1560DC}.Debug|Any CPU.ActiveCfg = Debug|Any CPU
		{90AFC677-1064-4F38-9296-0DA7CF1560DC}.Debug|Any CPU.Build.0 = Debug|Any CPU
		{90AFC677-1064-4F38-9296-0DA7CF1560DC}.Release|Any CPU.ActiveCfg = Release|Any CPU
		{90AFC677-1064-4F38-9296-0DA7CF1560DC}.Release|Any CPU.Build.0 = Release|Any CPU
		{A7F2EFBF-4737-47D9-AE85-62EB0BE4D03E}.Debug|Any CPU.ActiveCfg = Debug|Any CPU
		{A7F2EFBF-4737-47D9-AE85-62EB0BE4D03E}.Debug|Any CPU.Build.0 = Debug|Any CPU
		{A7F2EFBF-4737-47D9-AE85-62EB0BE4D03E}.Release|Any CPU.ActiveCfg = Release|Any CPU
		{A7F2EFBF-4737-47D9-AE85-62EB0BE4D03E}.Release|Any CPU.Build.0 = Release|Any CPU
		{B434E1B7-A34B-42B3-A82A-3AB15D7A47AC}.Debug|Any CPU.ActiveCfg = Debug|Any CPU
		{B434E1B7-A34B-42B3-A82A-3AB15D7A47AC}.Debug|Any CPU.Build.0 = Debug|Any CPU
		{B434E1B7-A34B-42B3-A82A-3AB15D7A47AC}.Release|Any CPU.ActiveCfg = Release|Any CPU
		{B434E1B7-A34B-42B3-A82A-3AB15D7A47AC}.Release|Any CPU.Build.0 = Release|Any CPU
	EndGlobalSection
	GlobalSection(SolutionProperties) = preSolution
		HideSolutionNode = FALSE
	EndGlobalSection
	GlobalSection(ExtensibilityGlobals) = postSolution
		SolutionGuid = {07627B1D-E10B-421E-BE83-06CC189056E9}
	EndGlobalSection
EndGlobal
